// !$*UTF8*$!
{
	archiveVersion = 1;
	classes = {
	};
	objectVersion = 50;
	objects = {

/* Begin PBXBuildFile section */
		8C3EED81248E2BC900723ADA /* WeatherModel.swift in Sources */ = {isa = PBXBuildFile; fileRef = 8C3EED80248E2BC900723ADA /* WeatherModel.swift */; };
		8C3EED83248E2C7400723ADA /* WeatherData.swift in Sources */ = {isa = PBXBuildFile; fileRef = 8C3EED82248E2C7400723ADA /* WeatherData.swift */; };
		8C4248B1248DF80D00530EEE /* WeatherManager.swift in Sources */ = {isa = PBXBuildFile; fileRef = 8C4248B0248DF80D00530EEE /* WeatherManager.swift */; };
		8CF93A0C248B447F0079126A /* AppDelegate.swift in Sources */ = {isa = PBXBuildFile; fileRef = 8CF93A0B248B447F0079126A /* AppDelegate.swift */; };
		8CF93A0E248B447F0079126A /* SceneDelegate.swift in Sources */ = {isa = PBXBuildFile; fileRef = 8CF93A0D248B447F0079126A /* SceneDelegate.swift */; };
		8CF93A10248B447F0079126A /* ViewController.swift in Sources */ = {isa = PBXBuildFile; fileRef = 8CF93A0F248B447F0079126A /* ViewController.swift */; };
		8CF93A13248B447F0079126A /* Main.storyboard in Resources */ = {isa = PBXBuildFile; fileRef = 8CF93A11248B447F0079126A /* Main.storyboard */; };
		8CF93A15248B44800079126A /* Assets.xcassets in Resources */ = {isa = PBXBuildFile; fileRef = 8CF93A14248B44800079126A /* Assets.xcassets */; };
		8CF93A18248B44800079126A /* LaunchScreen.storyboard in Resources */ = {isa = PBXBuildFile; fileRef = 8CF93A16248B44800079126A /* LaunchScreen.storyboard */; };
		8CF93A20248B45200079126A /* README.md in Resources */ = {isa = PBXBuildFile; fileRef = 8CF93A1F248B45200079126A /* README.md */; };
/* End PBXBuildFile section */

/* Begin PBXFileReference section */
		8C3EED80248E2BC900723ADA /* WeatherModel.swift */ = {isa = PBXFileReference; lastKnownFileType = sourcecode.swift; path = WeatherModel.swift; sourceTree = "<group>"; };
		8C3EED82248E2C7400723ADA /* WeatherData.swift */ = {isa = PBXFileReference; lastKnownFileType = sourcecode.swift; path = WeatherData.swift; sourceTree = "<group>"; };
		8C4248B0248DF80D00530EEE /* WeatherManager.swift */ = {isa = PBXFileReference; lastKnownFileType = sourcecode.swift; path = WeatherManager.swift; sourceTree = "<group>"; };
		8CF93A08248B447F0079126A /* Weatheria.app */ = {isa = PBXFileReference; explicitFileType = wrapper.application; includeInIndex = 0; path = Weatheria.app; sourceTree = BUILT_PRODUCTS_DIR; };
		8CF93A0B248B447F0079126A /* AppDelegate.swift */ = {isa = PBXFileReference; lastKnownFileType = sourcecode.swift; path = AppDelegate.swift; sourceTree = "<group>"; };
		8CF93A0D248B447F0079126A /* SceneDelegate.swift */ = {isa = PBXFileReference; lastKnownFileType = sourcecode.swift; path = SceneDelegate.swift; sourceTree = "<group>"; };
		8CF93A0F248B447F0079126A /* ViewController.swift */ = {isa = PBXFileReference; lastKnownFileType = sourcecode.swift; path = ViewController.swift; sourceTree = "<group>"; };
		8CF93A12248B447F0079126A /* Base */ = {isa = PBXFileReference; lastKnownFileType = file.storyboard; name = Base; path = Base.lproj/Main.storyboard; sourceTree = "<group>"; };
		8CF93A14248B44800079126A /* Assets.xcassets */ = {isa = PBXFileReference; lastKnownFileType = folder.assetcatalog; path = Assets.xcassets; sourceTree = "<group>"; };
		8CF93A17248B44800079126A /* Base */ = {isa = PBXFileReference; lastKnownFileType = file.storyboard; name = Base; path = Base.lproj/LaunchScreen.storyboard; sourceTree = "<group>"; };
		8CF93A19248B44800079126A /* Info.plist */ = {isa = PBXFileReference; lastKnownFileType = text.plist.xml; path = Info.plist; sourceTree = "<group>"; };
		8CF93A1F248B45200079126A /* README.md */ = {isa = PBXFileReference; lastKnownFileType = net.daringfireball.markdown; path = README.md; sourceTree = "<group>"; };
/* End PBXFileReference section */

/* Begin PBXFrameworksBuildPhase section */
		8CF93A05248B447F0079126A /* Frameworks */ = {
			isa = PBXFrameworksBuildPhase;
			buildActionMask = 2147483647;
			files = (
			);
			runOnlyForDeploymentPostprocessing = 0;
		};
/* End PBXFrameworksBuildPhase section */

/* Begin PBXGroup section */
		8C4248AE248DE80600530EEE /* Controllers */ = {
			isa = PBXGroup;
			children = (
				8CF93A0F248B447F0079126A /* ViewController.swift */,
			);
			path = Controllers;
			sourceTree = "<group>";
		};
		8C4248AF248DE81B00530EEE /* Model */ = {
			isa = PBXGroup;
			children = (
				8C4248B0248DF80D00530EEE /* WeatherManager.swift */,
				8C3EED80248E2BC900723ADA /* WeatherModel.swift */,
				8C3EED82248E2C7400723ADA /* WeatherData.swift */,
			);
			path = Model;
			sourceTree = "<group>";
		};
		8CF939FF248B447F0079126A = {
			isa = PBXGroup;
			children = (
				8CF93A1F248B45200079126A /* README.md */,
				8CF93A0A248B447F0079126A /* Weatheria */,
				8CF93A09248B447F0079126A /* Products */,
			);
			sourceTree = "<group>";
		};
		8CF93A09248B447F0079126A /* Products */ = {
			isa = PBXGroup;
			children = (
				8CF93A08248B447F0079126A /* Weatheria.app */,
			);
			name = Products;
			sourceTree = "<group>";
		};
		8CF93A0A248B447F0079126A /* Weatheria */ = {
			isa = PBXGroup;
			children = (
				8C4248AE248DE80600530EEE /* Controllers */,
				8C4248AF248DE81B00530EEE /* Model */,
				8CF93A0B248B447F0079126A /* AppDelegate.swift */,
				8CF93A0D248B447F0079126A /* SceneDelegate.swift */,
				8CF93A14248B44800079126A /* Assets.xcassets */,
				8CF93A11248B447F0079126A /* Main.storyboard */,
				8CF93A16248B44800079126A /* LaunchScreen.storyboard */,
				8CF93A19248B44800079126A /* Info.plist */,
			);
			path = Weatheria;
			sourceTree = "<group>";
		};
/* End PBXGroup section */

/* Begin PBXNativeTarget section */
		8CF93A07248B447F0079126A /* Weatheria */ = {
			isa = PBXNativeTarget;
			buildConfigurationList = 8CF93A1C248B44800079126A /* Build configuration list for PBXNativeTarget "Weatheria" */;
			buildPhases = (
				8CF93A04248B447F0079126A /* Sources */,
				8CF93A05248B447F0079126A /* Frameworks */,
				8CF93A06248B447F0079126A /* Resources */,
			);
			buildRules = (
			);
			dependencies = (
			);
			name = Weatheria;
			productName = Weatheria;
			productReference = 8CF93A08248B447F0079126A /* Weatheria.app */;
			productType = "com.apple.product-type.application";
		};
/* End PBXNativeTarget section */

/* Begin PBXProject section */
		8CF93A00248B447F0079126A /* Project object */ = {
			isa = PBXProject;
			attributes = {
				LastSwiftUpdateCheck = 1150;
				LastUpgradeCheck = 1150;
				ORGANIZATIONNAME = "Kharisma Putra";
				TargetAttributes = {
					8CF93A07248B447F0079126A = {
						CreatedOnToolsVersion = 11.5;
					};
				};
			};
			buildConfigurationList = 8CF93A03248B447F0079126A /* Build configuration list for PBXProject "Weatheria" */;
			compatibilityVersion = "Xcode 9.3";
			developmentRegion = en;
			hasScannedForEncodings = 0;
			knownRegions = (
				en,
				Base,
			);
			mainGroup = 8CF939FF248B447F0079126A;
			productRefGroup = 8CF93A09248B447F0079126A /* Products */;
			projectDirPath = "";
			projectRoot = "";
			targets = (
				8CF93A07248B447F0079126A /* Weatheria */,
			);
		};
/* End PBXProject section */

/* Begin PBXResourcesBuildPhase section */
		8CF93A06248B447F0079126A /* Resources */ = {
			isa = PBXResourcesBuildPhase;
			buildActionMask = 2147483647;
			files = (
				8CF93A20248B45200079126A /* README.md in Resources */,
				8CF93A18248B44800079126A /* LaunchScreen.storyboard in Resources */,
				8CF93A15248B44800079126A /* Assets.xcassets in Resources */,
				8CF93A13248B447F0079126A /* Main.storyboard in Resources */,
			);
			runOnlyForDeploymentPostprocessing = 0;
		};
/* End PBXResourcesBuildPhase section */

/* Begin PBXSourcesBuildPhase section */
		8CF93A04248B447F0079126A /* Sources */ = {
			isa = PBXSourcesBuildPhase;
			buildActionMask = 2147483647;
			files = (
				8CF93A10248B447F0079126A /* ViewController.swift in Sources */,
				8CF93A0C248B447F0079126A /* AppDelegate.swift in Sources */,
				8C4248B1248DF80D00530EEE /* WeatherManager.swift in Sources */,
				8CF93A0E248B447F0079126A /* SceneDelegate.swift in Sources */,
				8C3EED83248E2C7400723ADA /* WeatherData.swift in Sources */,
				8C3EED81248E2BC900723ADA /* WeatherModel.swift in Sources */,
			);
			runOnlyForDeploymentPostprocessing = 0;
		};
/* End PBXSourcesBuildPhase section */

/* Begin PBXVariantGroup section */
		8CF93A11248B447F0079126A /* Main.storyboard */ = {
			isa = PBXVariantGroup;
			children = (
				8CF93A12248B447F0079126A /* Base */,
			);
			name = Main.storyboard;
			sourceTree = "<group>";
		};
		8CF93A16248B44800079126A /* LaunchScreen.storyboard */ = {
			isa = PBXVariantGroup;
			children = (
				8CF93A17248B44800079126A /* Base */,
			);
			name = LaunchScreen.storyboard;
			sourceTree = "<group>";
		};
/* End PBXVariantGroup section */

/* Begin XCBuildConfiguration section */
		8CF93A1A248B44800079126A /* Debug */ = {
			isa = XCBuildConfiguration;
			buildSettings = {
				ALWAYS_SEARCH_USER_PATHS = NO;
				CLANG_ANALYZER_NONNULL = YES;
				CLANG_ANALYZER_NUMBER_OBJECT_CONVERSION = YES_AGGRESSIVE;
				CLANG_CXX_LANGUAGE_STANDARD = "gnu++14";
				CLANG_CXX_LIBRARY = "libc++";
				CLANG_ENABLE_MODULES = YES;
				CLANG_ENABLE_OBJC_ARC = YES;
				CLANG_ENABLE_OBJC_WEAK = YES;
				CLANG_WARN_BLOCK_CAPTURE_AUTORELEASING = YES;
				CLANG_WARN_BOOL_CONVERSION = YES;
				CLANG_WARN_COMMA = YES;
				CLANG_WARN_CONSTANT_CONVERSION = YES;
				CLANG_WARN_DEPRECATED_OBJC_IMPLEMENTATIONS = YES;
				CLANG_WARN_DIRECT_OBJC_ISA_USAGE = YES_ERROR;
				CLANG_WARN_DOCUMENTATION_COMMENTS = YES;
				CLANG_WARN_EMPTY_BODY = YES;
				CLANG_WARN_ENUM_CONVERSION = YES;
				CLANG_WARN_INFINITE_RECURSION = YES;
				CLANG_WARN_INT_CONVERSION = YES;
				CLANG_WARN_NON_LITERAL_NULL_CONVERSION = YES;
				CLANG_WARN_OBJC_IMPLICIT_RETAIN_SELF = YES;
				CLANG_WARN_OBJC_LITERAL_CONVERSION = YES;
				CLANG_WARN_OBJC_ROOT_CLASS = YES_ERROR;
				CLANG_WARN_RANGE_LOOP_ANALYSIS = YES;
				CLANG_WARN_STRICT_PROTOTYPES = YES;
				CLANG_WARN_SUSPICIOUS_MOVE = YES;
				CLANG_WARN_UNGUARDED_AVAILABILITY = YES_AGGRESSIVE;
				CLANG_WARN_UNREACHABLE_CODE = YES;
				CLANG_WARN__DUPLICATE_METHOD_MATCH = YES;
				COPY_PHASE_STRIP = NO;
				DEBUG_INFORMATION_FORMAT = dwarf;
				ENABLE_STRICT_OBJC_MSGSEND = YES;
				ENABLE_TESTABILITY = YES;
				GCC_C_LANGUAGE_STANDARD = gnu11;
				GCC_DYNAMIC_NO_PIC = NO;
				GCC_NO_COMMON_BLOCKS = YES;
				GCC_OPTIMIZATION_LEVEL = 0;
				GCC_PREPROCESSOR_DEFINITIONS = (
					"DEBUG=1",
					"$(inherited)",
				);
				GCC_WARN_64_TO_32_BIT_CONVERSION = YES;
				GCC_WARN_ABOUT_RETURN_TYPE = YES_ERROR;
				GCC_WARN_UNDECLARED_SELECTOR = YES;
				GCC_WARN_UNINITIALIZED_AUTOS = YES_AGGRESSIVE;
				GCC_WARN_UNUSED_FUNCTION = YES;
				GCC_WARN_UNUSED_VARIABLE = YES;
				IPHONEOS_DEPLOYMENT_TARGET = 13.5;
				MTL_ENABLE_DEBUG_INFO = INCLUDE_SOURCE;
				MTL_FAST_MATH = YES;
				ONLY_ACTIVE_ARCH = YES;
				SDKROOT = iphoneos;
				SWIFT_ACTIVE_COMPILATION_CONDITIONS = DEBUG;
				SWIFT_OPTIMIZATION_LEVEL = "-Onone";
			};
			name = Debug;
		};
		8CF93A1B248B44800079126A /* Release */ = {
			isa = XCBuildConfiguration;
			buildSettings = {
				ALWAYS_SEARCH_USER_PATHS = NO;
				CLANG_ANALYZER_NONNULL = YES;
				CLANG_ANALYZER_NUMBER_OBJECT_CONVERSION = YES_AGGRESSIVE;
				CLANG_CXX_LANGUAGE_STANDARD = "gnu++14";
				CLANG_CXX_LIBRARY = "libc++";
				CLANG_ENABLE_MODULES = YES;
				CLANG_ENABLE_OBJC_ARC = YES;
				CLANG_ENABLE_OBJC_WEAK = YES;
				CLANG_WARN_BLOCK_CAPTURE_AUTORELEASING = YES;
				CLANG_WARN_BOOL_CONVERSION = YES;
				CLANG_WARN_COMMA = YES;
				CLANG_WARN_CONSTANT_CONVERSION = YES;
				CLANG_WARN_DEPRECATED_OBJC_IMPLEMENTATIONS = YES;
				CLANG_WARN_DIRECT_OBJC_ISA_USAGE = YES_ERROR;
				CLANG_WARN_DOCUMENTATION_COMMENTS = YES;
				CLANG_WARN_EMPTY_BODY = YES;
				CLANG_WARN_ENUM_CONVERSION = YES;
				CLANG_WARN_INFINITE_RECURSION = YES;
				CLANG_WARN_INT_CONVERSION = YES;
				CLANG_WARN_NON_LITERAL_NULL_CONVERSION = YES;
				CLANG_WARN_OBJC_IMPLICIT_RETAIN_SELF = YES;
				CLANG_WARN_OBJC_LITERAL_CONVERSION = YES;
				CLANG_WARN_OBJC_ROOT_CLASS = YES_ERROR;
				CLANG_WARN_RANGE_LOOP_ANALYSIS = YES;
				CLANG_WARN_STRICT_PROTOTYPES = YES;
				CLANG_WARN_SUSPICIOUS_MOVE = YES;
				CLANG_WARN_UNGUARDED_AVAILABILITY = YES_AGGRESSIVE;
				CLANG_WARN_UNREACHABLE_CODE = YES;
				CLANG_WARN__DUPLICATE_METHOD_MATCH = YES;
				COPY_PHASE_STRIP = NO;
				DEBUG_INFORMATION_FORMAT = "dwarf-with-dsym";
				ENABLE_NS_ASSERTIONS = NO;
				ENABLE_STRICT_OBJC_MSGSEND = YES;
				GCC_C_LANGUAGE_STANDARD = gnu11;
				GCC_NO_COMMON_BLOCKS = YES;
				GCC_WARN_64_TO_32_BIT_CONVERSION = YES;
				GCC_WARN_ABOUT_RETURN_TYPE = YES_ERROR;
				GCC_WARN_UNDECLARED_SELECTOR = YES;
				GCC_WARN_UNINITIALIZED_AUTOS = YES_AGGRESSIVE;
				GCC_WARN_UNUSED_FUNCTION = YES;
				GCC_WARN_UNUSED_VARIABLE = YES;
				IPHONEOS_DEPLOYMENT_TARGET = 13.5;
				MTL_ENABLE_DEBUG_INFO = NO;
				MTL_FAST_MATH = YES;
				SDKROOT = iphoneos;
				SWIFT_COMPILATION_MODE = wholemodule;
				SWIFT_OPTIMIZATION_LEVEL = "-O";
				VALIDATE_PRODUCT = YES;
			};
			name = Release;
		};
		8CF93A1D248B44800079126A /* Debug */ = {
			isa = XCBuildConfiguration;
			buildSettings = {
				ASSETCATALOG_COMPILER_APPICON_NAME = AppIcon;
				CODE_SIGN_STYLE = Automatic;
				INFOPLIST_FILE = Weatheria/Info.plist;
				IPHONEOS_DEPLOYMENT_TARGET = 13.5;
				LD_RUNPATH_SEARCH_PATHS = (
					"$(inherited)",
					"@executable_path/Frameworks",
				);
				PRODUCT_BUNDLE_IDENTIFIER = com.private.Weatheria;
				PRODUCT_NAME = "$(TARGET_NAME)";
				SWIFT_VERSION = 5.0;
				TARGETED_DEVICE_FAMILY = "1,2";
			};
			name = Debug;
		};
		8CF93A1E248B44800079126A /* Release */ = {
			isa = XCBuildConfiguration;
			buildSettings = {
				ASSETCATALOG_COMPILER_APPICON_NAME = AppIcon;
				CODE_SIGN_STYLE = Automatic;
				INFOPLIST_FILE = Weatheria/Info.plist;
				IPHONEOS_DEPLOYMENT_TARGET = 13.5;
				LD_RUNPATH_SEARCH_PATHS = (
					"$(inherited)",
					"@executable_path/Frameworks",
				);
				PRODUCT_BUNDLE_IDENTIFIER = com.private.Weatheria;
				PRODUCT_NAME = "$(TARGET_NAME)";
				SWIFT_VERSION = 5.0;
				TARGETED_DEVICE_FAMILY = "1,2";
			};
			name = Release;
		};
/* End XCBuildConfiguration section */

/* Begin XCConfigurationList section */
		8CF93A03248B447F0079126A /* Build configuration list for PBXProject "Weatheria" */ = {
			isa = XCConfigurationList;
			buildConfigurations = (
				8CF93A1A248B44800079126A /* Debug */,
				8CF93A1B248B44800079126A /* Release */,
			);
			defaultConfigurationIsVisible = 0;
			defaultConfigurationName = Release;
		};
		8CF93A1C248B44800079126A /* Build configuration list for PBXNativeTarget "Weatheria" */ = {
			isa = XCConfigurationList;
			buildConfigurations = (
				8CF93A1D248B44800079126A /* Debug */,
				8CF93A1E248B44800079126A /* Release */,
			);
			defaultConfigurationIsVisible = 0;
			defaultConfigurationName = Release;
		};
/* End XCConfigurationList section */
	};
	rootObject = 8CF93A00248B447F0079126A /* Project object */;
}
